# This file is autogenerated, do not edit; changes may be undone by the next 'dep ensure'.


[[projects]]
  name = "github.com/dimfeld/httptreemux"
  packages = ["."]
  revision = "7f532489e7739b3d49df5c602bf63549881fe753"
  version = "v5.0.1"

[[projects]]
  branch = "master"
  name = "github.com/dimiro1/health"
  packages = [
    ".",
    "db",
    "url"
  ]
  revision = "22672c48855646f5d54b6315336d2e3fee6eef81"

[[projects]]
  name = "github.com/go-sql-driver/mysql"
  packages = ["."]
  revision = "d523deb1b23d913de5bdada721a6071e71283618"
  version = "v1.4.0"

[[projects]]
  name = "github.com/huandu/facebook"
  packages = ["."]
  revision = "2ba1fa66dfd0a3e3a5cf7caeeb1e6702030c5030"
  version = "v2.2.0"

[[projects]]
  name = "github.com/kelseyhightower/envconfig"
  packages = ["."]
  revision = "f611eb38b3875cc3bd991ca91c51d06446afa14c"
  version = "v1.3.0"

[[projects]]
  name = "google.golang.org/appengine"
  packages = ["cloudsql"]
  revision = "150dc57a1b433e64154302bdc40b6bb8aefa313a"
  version = "v1.0.0"

[solve-meta]
  analyzer-name = "dep"
  analyzer-version = 1
  inputs-digest = "4aa6f14cd58d002a36ad357abe05d24cdecaba5f024b26669f44ad141960cc45"
  solver-name = "gps-cdcl"
  solver-version = 1
